
Microsoft Visual Studio Solution File, Format Version 12.00
Project("{FAE04EC0-301F-11D3-BF4B-00C04F79EFBC}") = "Remindery", "Remindery\Remindery.csproj", "{C5CA273D-B948-4B36-B305-3D0FFDF54B46}"
EndProject
Project("{9A19103F-16F7-4668-BE54-9A1E7A4F7556}") = "_build", "..\build\_build.csproj", "{B1C5F3A9-1E67-4510-A768-2EE0BB3AB337}"
EndProject
Global
	GlobalSection(SolutionConfigurationPlatforms) = preSolution
		Debug|Any CPU = Debug|Any CPU
		Release|Any CPU = Release|Any CPU
	EndGlobalSection
	GlobalSection(ProjectConfigurationPlatforms) = postSolution
		{B1C5F3A9-1E67-4510-A768-2EE0BB3AB337}.Debug|Any CPU.ActiveCfg = Debug|Any CPU
		{B1C5F3A9-1E67-4510-A768-2EE0BB3AB337}.Release|Any CPU.ActiveCfg = Release|Any CPU
		{C5CA273D-B948-4B36-B305-3D0FFDF54B46}.Debug|Any CPU.ActiveCfg = Debug|Any CPU
		{C5CA273D-B948-4B36-B305-3D0FFDF54B46}.Debug|Any CPU.Build.0 = Debug|Any CPU
		{C5CA273D-B948-4B36-B305-3D0FFDF54B46}.Release|Any CPU.ActiveCfg = Release|Any CPU
		{C5CA273D-B948-4B36-B305-3D0FFDF54B46}.Release|Any CPU.Build.0 = Release|Any CPU
	EndGlobalSection
EndGlobal
